	<Project xmlns="http://schemas.microsoft.com/developer/msbuild/2003">
		<PropertyGroup>
			<ProjectGuid>{b8f5a525-aa58-4c75-a8b4-eeceac3ccff5}</ProjectGuid>
			<Configuration Condition=" '$(Configuration)' == '' ">Everything</Configuration>
			<DCC_DCCCompiler>DCC32</DCC_DCCCompiler>
			<DCC_DependencyCheckOutputName>TextScrubber.exe</DCC_DependencyCheckOutputName>
			<MainSource>TextScrubber.dpr</MainSource>
			<ProjectVersion>12.3</ProjectVersion>
			<Config Condition="'$(Config)'==''">Everything</Config>
			<Base>True</Base>
			<Platform Condition="'$(Platform)'==''">Win32</Platform>
			<Platform>Win32</Platform>
			<AppType>Application</AppType>
			<FrameworkType>VCL</FrameworkType>
		</PropertyGroup>
		<PropertyGroup Condition="'$(Config)'=='Base' or '$(Base)'!=''">
			<Base>true</Base>
		</PropertyGroup>
		<PropertyGroup Condition="'$(Config)'=='Release' or '$(Cfg_1)'!=''">
			<Cfg_1>true</Cfg_1>
			<CfgParent>Base</CfgParent>
			<Base>true</Base>
		</PropertyGroup>
		<PropertyGroup Condition="'$(Config)'=='Debug' or '$(Cfg_2)'!=''">
			<Cfg_2>true</Cfg_2>
			<CfgParent>Base</CfgParent>
			<Base>true</Base>
		</PropertyGroup>
		<PropertyGroup Condition="'$(Config)'=='Everything' or '$(Cfg_3)'!=''">
			<Cfg_3>true</Cfg_3>
			<CfgParent>Base</CfgParent>
			<Base>true</Base>
		</PropertyGroup>
		<PropertyGroup Condition="'$(Base)'!=''">
			<DCC_UnitAlias>WinTypes=Windows;WinProcs=Windows;DbiTypes=BDE;DbiProcs=BDE;DbiErrs=BDE;$(DCC_UnitAlias)</DCC_UnitAlias>
			<DCC_UsePackage>vcl;rtl;vclx;dbrtl;vcldb;bdertl;vclimg;vclactnband;adortl;vcldbx;dbexpress;DbxCommonDriver;DataSnapIndy10ServerTransport;DataSnapProviderClient;vclie;xmlrtl;inet;dsnap;inetdb;DbxClientDriver;IndyProtocols;IndyCore;IndySystem;DataSnapServer;inetdbxpress;inetdbbde;dbxcds;DataSnapClient;DBXInterBaseDriver;DBXMySQLDriver;DBXFirebirdDriver;DBXSybaseASEDriver;DBXSybaseASADriver;DBXOracleDriver;DBXMSSQLDriver;DBXInformixDriver;DBXDb2Driver;dsnapcon;vclribbon;soaprtl;vcltouch;webdsnap;websnap;svnui;svn;rtlCommandParser;Smiley;AssemblyInfoScriptingEngine;DateTimeScriptEngine;CompositeControlExample;dclCommandParser;ucl;ucldb</DCC_UsePackage>
			<DCC_DependencyCheckOutputName>TextScrubber.exe</DCC_DependencyCheckOutputName>
		</PropertyGroup>
		<PropertyGroup Condition="'$(Cfg_1)'!=''">
			<Version>7.0</Version>
			<DCC_DebugInformation>False</DCC_DebugInformation>
			<DCC_LocalDebugSymbols>False</DCC_LocalDebugSymbols>
			<DCC_SymbolReferenceInfo>0</DCC_SymbolReferenceInfo>
			<DCC_Define>RELEASE;$(DCC_Define)</DCC_Define>
		</PropertyGroup>
		<PropertyGroup Condition="'$(Cfg_2)'!=''">
			<Version>7.0</Version>
			<DCC_Define>DEBUG;$(DCC_Define)</DCC_Define>
			<DCC_UnitSearchPath>C:\Documents and Settings\nhodges\My Documents\PowerLibs;$(DCC_UnitSearchPath)</DCC_UnitSearchPath>
			<DCC_ResourcePath>C:\Documents and Settings\nhodges\My Documents\PowerLibs;$(DCC_ResourcePath)</DCC_ResourcePath>
			<DCC_ObjPath>C:\Documents and Settings\nhodges\My Documents\PowerLibs;$(DCC_ObjPath)</DCC_ObjPath>
			<DCC_IncludePath>C:\Documents and Settings\nhodges\My Documents\PowerLibs;$(DCC_IncludePath)</DCC_IncludePath>
		</PropertyGroup>
		<PropertyGroup Condition="'$(Cfg_3)'!=''">
			<DCC_MapFile>3</DCC_MapFile>
			<Version>7.0</Version>
			<DCC_FullBooleanEvaluations>True</DCC_FullBooleanEvaluations>
			<DCC_WriteableConstants>True</DCC_WriteableConstants>
			<DCC_IntegerOverflowCheck>True</DCC_IntegerOverflowCheck>
			<DCC_RangeChecking>True</DCC_RangeChecking>
			<DCC_TypedAtParameter>True</DCC_TypedAtParameter>
			<DCC_PentiumSafeDivide>True</DCC_PentiumSafeDivide>
			<DCC_GenerateStackFrames>True</DCC_GenerateStackFrames>
			<DCC_OutputXMLDocumentation>True</DCC_OutputXMLDocumentation>
			<DCC_UnitSearchPath>$(BDS)\lib\Debug;$(BDS)\Lib\Debug\Indy10;$(BDS)\RaveReports\Lib;C:\Documents and Settings\nhodges\My Documents\PowerLibs;$(DCC_UnitSearchPath)</DCC_UnitSearchPath>
			<DCC_ResourcePath>$(BDS)\lib\Debug;$(BDS)\Lib\Debug\Indy10;$(BDS)\RaveReports\Lib;C:\Documents and Settings\nhodges\My Documents\PowerLibs;$(DCC_ResourcePath)</DCC_ResourcePath>
			<DCC_ObjPath>$(BDS)\lib\Debug;$(BDS)\Lib\Debug\Indy10;$(BDS)\RaveReports\Lib;C:\Documents and Settings\nhodges\My Documents\PowerLibs;$(DCC_ObjPath)</DCC_ObjPath>
			<DCC_IncludePath>$(BDS)\lib\Debug;$(BDS)\Lib\Debug\Indy10;$(BDS)\RaveReports\Lib;C:\Documents and Settings\nhodges\My Documents\PowerLibs;$(DCC_IncludePath)</DCC_IncludePath>
			<DCC_Define>DEBUG;$(DCC_Define)</DCC_Define>
		</PropertyGroup>
		<ProjectExtensions>
			<Borland.Personality>Delphi.Personality.12</Borland.Personality>
			<Borland.ProjectType/>
			<BorlandProject>
				<Delphi.Personality>
					<Parameters/>
					<VersionInfo>
						<VersionInfo Name="IncludeVerInfo">True</VersionInfo>
						<VersionInfo Name="AutoIncBuild">True</VersionInfo>
						<VersionInfo Name="MajorVer">0</VersionInfo>
						<VersionInfo Name="MinorVer">6</VersionInfo>
						<VersionInfo Name="Release">0</VersionInfo>
						<VersionInfo Name="Build">18</VersionInfo>
						<VersionInfo Name="Debug">False</VersionInfo>
						<VersionInfo Name="PreRelease">True</VersionInfo>
						<VersionInfo Name="Special">False</VersionInfo>
						<VersionInfo Name="Private">False</VersionInfo>
						<VersionInfo Name="DLL">False</VersionInfo>
						<VersionInfo Name="Locale">1033</VersionInfo>
						<VersionInfo Name="CodePage">1252</VersionInfo>
					</VersionInfo>
					<VersionInfoKeys>
						<VersionInfoKeys Name="CompanyName">Nick Hodges</VersionInfoKeys>
						<VersionInfoKeys Name="FileDescription"/>
						<VersionInfoKeys Name="FileVersion">0.6.0.18</VersionInfoKeys>
						<VersionInfoKeys Name="InternalName"/>
						<VersionInfoKeys Name="LegalCopyright">Copyright © 2009 by Nick Hodges</VersionInfoKeys>
						<VersionInfoKeys Name="LegalTrademarks"/>
						<VersionInfoKeys Name="OriginalFilename"/>
						<VersionInfoKeys Name="ProductName">Text Scrubber</VersionInfoKeys>
						<VersionInfoKeys Name="ProductVersion">1.0.0.0</VersionInfoKeys>
						<VersionInfoKeys Name="Comments">Text Scrubber is a tray application for removing formatting and line breaks from text that is on the clipboard.</VersionInfoKeys>
					</VersionInfoKeys>
					<Source>
						<Source Name="MainSource">TextScrubber.dpr</Source>
					</Source>
					<Excluded_Packages>
						<Excluded_Packages Name="$(BDSBIN)\svnui150.bpl">User interface code for subversion integration</Excluded_Packages>
						<Excluded_Packages Name="$(BDSBIN)\svn150.bpl">Subversion integration</Excluded_Packages>
						<Excluded_Packages Name="$(BDSBIN)\dclsmpedit150.bpl">Embarcadero Editor Script Enhancements</Excluded_Packages>
						<Excluded_Packages Name="$(BDSBIN)\dclemacsedit150.bpl">Embarcadero Editor Emacs Enhancements</Excluded_Packages>
						<Excluded_Packages Name="$(BDSBIN)\dclshlctrls140.bpl">Shell Control Property and Component Editors</Excluded_Packages>
						<Excluded_Packages Name="$(BDSBIN)\JclProjectAnalysisExpert140.bpl">JCL Project Analyzer</Excluded_Packages>
						<Excluded_Packages Name="$(BDSBIN)\JclBaseExpert140.bpl">JCL Package containing common units for JCL Experts</Excluded_Packages>
					</Excluded_Packages>
				</Delphi.Personality>
				<Platforms>
					<Platform value="Win32">True</Platform>
				</Platforms>
			</BorlandProject>
			<ProjectFileVersion>12</ProjectFileVersion>
		</ProjectExtensions>
		<ItemGroup>
			<DelphiCompile Include="TextScrubber.dpr">
				<MainSource>MainSource</MainSource>
			</DelphiCompile>
			<DCCReference Include="frmStraightText.pas">
				<Form>StraightTextMainForm</Form>
			</DCCReference>
			<DCCReference Include="uTextScrubber.pas"/>
			<DCCReference Include="frmTextScrubberOptions.pas">
				<Form>TextScrubberOptionsForm</Form>
			</DCCReference>
			<DCCReference Include="uTextScrubberTypes.pas"/>
			<DCCReference Include="uTextScrubberConsts.pas"/>
			<DCCReference Include="frmAboutBox.pas">
				<Form>AboutForm</Form>
			</DCCReference>
			<DCCReference Include="uTextScrubberUtils.pas"/>
			<BuildConfiguration Include="Debug">
				<Key>Cfg_2</Key>
				<CfgParent>Base</CfgParent>
			</BuildConfiguration>
			<BuildConfiguration Include="Everything">
				<Key>Cfg_3</Key>
				<CfgParent>Base</CfgParent>
			</BuildConfiguration>
			<BuildConfiguration Include="Base">
				<Key>Base</Key>
			</BuildConfiguration>
			<BuildConfiguration Include="Release">
				<Key>Cfg_1</Key>
				<CfgParent>Base</CfgParent>
			</BuildConfiguration>
		</ItemGroup>
		<Import Condition="Exists('$(BDS)\Bin\CodeGear.Delphi.Targets')" Project="$(BDS)\Bin\CodeGear.Delphi.Targets"/>
		<Import Condition="Exists('$(APPDATA)\Embarcadero\$(BDSAPPDATABASEDIR)\$(PRODUCTVERSION)\UserTools.proj')" Project="$(APPDATA)\Embarcadero\$(BDSAPPDATABASEDIR)\$(PRODUCTVERSION)\UserTools.proj"/>
	</Project>
